
Microsoft Visual Studio Solution File, Format Version 12.00
# Visual Studio 15
VisualStudioVersion = 15.0.26228.9
MinimumVisualStudioVersion = 10.0.40219.1
Project("{FAE04EC0-301F-11D3-BF4B-00C04F79EFBC}") = "MyShop.Core", "MyShop.Core\MyShop.Core.csproj", "{66994BFC-AAFC-4001-A5AC-D0CFCAF8609C}"
EndProject
Project("{FAE04EC0-301F-11D3-BF4B-00C04F79EFBC}") = "MyShop.Services", "MyShop.Services\MyShop.Services.csproj", "{4C52D774-2056-43C1-A38F-307C79A11A01}"
EndProject
Project("{FAE04EC0-301F-11D3-BF4B-00C04F79EFBC}") = "MyShop.DataAccess.SQL", "MyShop.DataAccess.SQL\MyShop.DataAccess.SQL.csproj", "{3BF037A0-39F7-4191-B2CF-A7F83F31F22F}"
EndProject
Project("{FAE04EC0-301F-11D3-BF4B-00C04F79EFBC}") = "MyShop.DataAccess.InMemory", "MyShop.DataAccess.InMemory\MyShop.DataAccess.InMemory.csproj", "{7AD3A258-8FD7-45D0-A0E1-35A67F8ECEFE}"
EndProject
Project("{FAE04EC0-301F-11D3-BF4B-00C04F79EFBC}") = "MyShop.WebUI", "MyShop.WebUI\MyShop.WebUI.csproj", "{61571117-8CB5-43C7-859F-4380E8833B98}"
EndProject
Project("{FAE04EC0-301F-11D3-BF4B-00C04F79EFBC}") = "MyShop.WebUI.Tests", "MyShop.WebUI.Tests\MyShop.WebUI.Tests.csproj", "{0C3CFAEF-066A-45A1-A3DB-893EDF73C2A9}"
EndProject
Global
	GlobalSection(SolutionConfigurationPlatforms) = preSolution
		Debug|Any CPU = Debug|Any CPU
		Release|Any CPU = Release|Any CPU
	EndGlobalSection
	GlobalSection(ProjectConfigurationPlatforms) = postSolution
		{66994BFC-AAFC-4001-A5AC-D0CFCAF8609C}.Debug|Any CPU.ActiveCfg = Debug|Any CPU
		{66994BFC-AAFC-4001-A5AC-D0CFCAF8609C}.Debug|Any CPU.Build.0 = Debug|Any CPU
		{66994BFC-AAFC-4001-A5AC-D0CFCAF8609C}.Release|Any CPU.ActiveCfg = Release|Any CPU
		{66994BFC-AAFC-4001-A5AC-D0CFCAF8609C}.Release|Any CPU.Build.0 = Release|Any CPU
		{4C52D774-2056-43C1-A38F-307C79A11A01}.Debug|Any CPU.ActiveCfg = Debug|Any CPU
		{4C52D774-2056-43C1-A38F-307C79A11A01}.Debug|Any CPU.Build.0 = Debug|Any CPU
		{4C52D774-2056-43C1-A38F-307C79A11A01}.Release|Any CPU.ActiveCfg = Release|Any CPU
		{4C52D774-2056-43C1-A38F-307C79A11A01}.Release|Any CPU.Build.0 = Release|Any CPU
		{3BF037A0-39F7-4191-B2CF-A7F83F31F22F}.Debug|Any CPU.ActiveCfg = Debug|Any CPU
		{3BF037A0-39F7-4191-B2CF-A7F83F31F22F}.Debug|Any CPU.Build.0 = Debug|Any CPU
		{3BF037A0-39F7-4191-B2CF-A7F83F31F22F}.Release|Any CPU.ActiveCfg = Release|Any CPU
		{3BF037A0-39F7-4191-B2CF-A7F83F31F22F}.Release|Any CPU.Build.0 = Release|Any CPU
		{7AD3A258-8FD7-45D0-A0E1-35A67F8ECEFE}.Debug|Any CPU.ActiveCfg = Debug|Any CPU
		{7AD3A258-8FD7-45D0-A0E1-35A67F8ECEFE}.Debug|Any CPU.Build.0 = Debug|Any CPU
		{7AD3A258-8FD7-45D0-A0E1-35A67F8ECEFE}.Release|Any CPU.ActiveCfg = Release|Any CPU
		{7AD3A258-8FD7-45D0-A0E1-35A67F8ECEFE}.Release|Any CPU.Build.0 = Release|Any CPU
		{61571117-8CB5-43C7-859F-4380E8833B98}.Debug|Any CPU.ActiveCfg = Debug|Any CPU
		{61571117-8CB5-43C7-859F-4380E8833B98}.Debug|Any CPU.Build.0 = Debug|Any CPU
		{61571117-8CB5-43C7-859F-4380E8833B98}.Release|Any CPU.ActiveCfg = Release|Any CPU
		{61571117-8CB5-43C7-859F-4380E8833B98}.Release|Any CPU.Build.0 = Release|Any CPU
		{0C3CFAEF-066A-45A1-A3DB-893EDF73C2A9}.Debug|Any CPU.ActiveCfg = Debug|Any CPU
		{0C3CFAEF-066A-45A1-A3DB-893EDF73C2A9}.Debug|Any CPU.Build.0 = Debug|Any CPU
		{0C3CFAEF-066A-45A1-A3DB-893EDF73C2A9}.Release|Any CPU.ActiveCfg = Release|Any CPU
		{0C3CFAEF-066A-45A1-A3DB-893EDF73C2A9}.Release|Any CPU.Build.0 = Release|Any CPU
	EndGlobalSection
	GlobalSection(SolutionProperties) = preSolution
		HideSolutionNode = FALSE
	EndGlobalSection
EndGlobal
